{
  "name": "flowstate-mini-js-test-app",
  "version": "0.1.0",
  "lockfileVersion": 3,
  "requires": true,
  "packages": {
    "": {
      "name": "flowstate-mini-js-test-app",
      "version": "0.1.0",
      "dependencies": {
        "flowstate-mini-js": "file:.."
      }
    },
    "..": {
      "version": "0.1.0",
      "license": "MIT",
      "devDependencies": {
        "@lnu/eslint-config": "^2.0.13",
        "@vitest/coverage-v8": "^5.0.1",
        "eslint": "^10.11.0",
        "eslint-config-prettier": "^10.1.8",
        "prettier": "^3.9.9",
        "vitest": "^5.0.1"
      },
      "engines": {
        "node": ">=18"
      }
    },
    "node_modules/flowstate-mini-js": {
      "resolved": "..",
      "link": true
    }
  }
}
